// !$*UTF8*$!
{
	archiveVersion = 1;
	classes = {
	};
	objectVersion = 46;
	objects = {

/* Begin PBXBuildFile section */
		2E0037961D094C6A000B3649 /* AppDelegate.swift in Sources */ = {isa = PBXBuildFile; fileRef = 2E0037951D094C6A000B3649 /* AppDelegate.swift */; };
		2E0037981D094C6A000B3649 /* ViewController.swift in Sources */ = {isa = PBXBuildFile; fileRef = 2E0037971D094C6A000B3649 /* ViewController.swift */; };
		2E00379B1D094C6A000B3649 /* Main.storyboard in Resources */ = {isa = PBXBuildFile; fileRef = 2E0037991D094C6A000B3649 /* Main.storyboard */; };
		2E00379D1D094C6A000B3649 /* Assets.xcassets in Resources */ = {isa = PBXBuildFile; fileRef = 2E00379C1D094C6A000B3649 /* Assets.xcassets */; };
		2E0037A01D094C6A000B3649 /* LaunchScreen.storyboard in Resources */ = {isa = PBXBuildFile; fileRef = 2E00379E1D094C6A000B3649 /* LaunchScreen.storyboard */; };
		2E0037A81D094D33000B3649 /* SocketClusterProxy.swift in Sources */ = {isa = PBXBuildFile; fileRef = 2E0037A71D094D33000B3649 /* SocketClusterProxy.swift */; };
		2E0037B21D09904E000B3649 /* SocketClusterClient.framework in Frameworks */ = {isa = PBXBuildFile; fileRef = 2E0037B11D09904E000B3649 /* SocketClusterClient.framework */; };
/* End PBXBuildFile section */

/* Begin PBXFileReference section */
		2E0037921D094C6A000B3649 /* ios-sc-demo.app */ = {isa = PBXFileReference; explicitFileType = wrapper.application; includeInIndex = 0; path = "ios-sc-demo.app"; sourceTree = BUILT_PRODUCTS_DIR; };
		2E0037951D094C6A000B3649 /* AppDelegate.swift */ = {isa = PBXFileReference; lastKnownFileType = sourcecode.swift; path = AppDelegate.swift; sourceTree = "<group>"; };
		2E0037971D094C6A000B3649 /* ViewController.swift */ = {isa = PBXFileReference; lastKnownFileType = sourcecode.swift; path = ViewController.swift; sourceTree = "<group>"; };
		2E00379A1D094C6A000B3649 /* Base */ = {isa = PBXFileReference; lastKnownFileType = file.storyboard; name = Base; path = Base.lproj/Main.storyboard; sourceTree = "<group>"; };
		2E00379C1D094C6A000B3649 /* Assets.xcassets */ = {isa = PBXFileReference; lastKnownFileType = folder.assetcatalog; path = Assets.xcassets; sourceTree = "<group>"; };
		2E00379F1D094C6A000B3649 /* Base */ = {isa = PBXFileReference; lastKnownFileType = file.storyboard; name = Base; path = Base.lproj/LaunchScreen.storyboard; sourceTree = "<group>"; };
		2E0037A11D094C6A000B3649 /* Info.plist */ = {isa = PBXFileReference; lastKnownFileType = text.plist.xml; path = Info.plist; sourceTree = "<group>"; };
		2E0037A71D094D33000B3649 /* SocketClusterProxy.swift */ = {isa = PBXFileReference; fileEncoding = 4; lastKnownFileType = sourcecode.swift; path = SocketClusterProxy.swift; sourceTree = "<group>"; };
		2E0037B01D098DBC000B3649 /* BridgingHeader-Swift.h */ = {isa = PBXFileReference; fileEncoding = 4; lastKnownFileType = sourcecode.c.h; path = "BridgingHeader-Swift.h"; sourceTree = "<group>"; };
		2E0037B11D09904E000B3649 /* SocketClusterClient.framework */ = {isa = PBXFileReference; lastKnownFileType = wrapper.framework; path = SocketClusterClient.framework; sourceTree = "<group>"; };
/* End PBXFileReference section */

/* Begin PBXFrameworksBuildPhase section */
		2E00378F1D094C6A000B3649 /* Frameworks */ = {
			isa = PBXFrameworksBuildPhase;
			buildActionMask = 2147483647;
			files = (
				2E0037B21D09904E000B3649 /* SocketClusterClient.framework in Frameworks */,
			);
			runOnlyForDeploymentPostprocessing = 0;
		};
/* End PBXFrameworksBuildPhase section */

/* Begin PBXGroup section */
		2E0037891D094C6A000B3649 = {
			isa = PBXGroup;
			children = (
				2E0037B11D09904E000B3649 /* SocketClusterClient.framework */,
				2E0037B01D098DBC000B3649 /* BridgingHeader-Swift.h */,
				2E0037941D094C6A000B3649 /* ios-sc-demo */,
				2E0037931D094C6A000B3649 /* Products */,
			);
			sourceTree = "<group>";
		};
		2E0037931D094C6A000B3649 /* Products */ = {
			isa = PBXGroup;
			children = (
				2E0037921D094C6A000B3649 /* ios-sc-demo.app */,
			);
			name = Products;
			sourceTree = "<group>";
		};
		2E0037941D094C6A000B3649 /* ios-sc-demo */ = {
			isa = PBXGroup;
			children = (
				2E0037951D094C6A000B3649 /* AppDelegate.swift */,
				2E0037971D094C6A000B3649 /* ViewController.swift */,
				2E0037991D094C6A000B3649 /* Main.storyboard */,
				2E00379C1D094C6A000B3649 /* Assets.xcassets */,
				2E00379E1D094C6A000B3649 /* LaunchScreen.storyboard */,
				2E0037A11D094C6A000B3649 /* Info.plist */,
				2E0037A71D094D33000B3649 /* SocketClusterProxy.swift */,
			);
			path = "ios-sc-demo";
			sourceTree = "<group>";
		};
/* End PBXGroup section */

/* Begin PBXNativeTarget section */
		2E0037911D094C6A000B3649 /* ios-sc-demo */ = {
			isa = PBXNativeTarget;
			buildConfigurationList = 2E0037A41D094C6A000B3649 /* Build configuration list for PBXNativeTarget "ios-sc-demo" */;
			buildPhases = (
				2E00378E1D094C6A000B3649 /* Sources */,
				2E00378F1D094C6A000B3649 /* Frameworks */,
				2E0037901D094C6A000B3649 /* Resources */,
			);
			buildRules = (
			);
			dependencies = (
			);
			name = "ios-sc-demo";
			productName = "ios-sc-demo";
			productReference = 2E0037921D094C6A000B3649 /* ios-sc-demo.app */;
			productType = "com.apple.product-type.application";
		};
/* End PBXNativeTarget section */

/* Begin PBXProject section */
		2E00378A1D094C6A000B3649 /* Project object */ = {
			isa = PBXProject;
			attributes = {
				LastSwiftUpdateCheck = 0730;
				LastUpgradeCheck = 0730;
				ORGANIZATIONNAME = "Hemanta Sapkota";
				TargetAttributes = {
					2E0037911D094C6A000B3649 = {
						CreatedOnToolsVersion = 7.3;
					};
				};
			};
			buildConfigurationList = 2E00378D1D094C6A000B3649 /* Build configuration list for PBXProject "ios-sc-demo" */;
			compatibilityVersion = "Xcode 3.2";
			developmentRegion = English;
			hasScannedForEncodings = 0;
			knownRegions = (
				en,
				Base,
			);
			mainGroup = 2E0037891D094C6A000B3649;
			productRefGroup = 2E0037931D094C6A000B3649 /* Products */;
			projectDirPath = "";
			projectRoot = "";
			targets = (
				2E0037911D094C6A000B3649 /* ios-sc-demo */,
			);
		};
/* End PBXProject section */

/* Begin PBXResourcesBuildPhase section */
		2E0037901D094C6A000B3649 /* Resources */ = {
			isa = PBXResourcesBuildPhase;
			buildActionMask = 2147483647;
			files = (
				2E0037A01D094C6A000B3649 /* LaunchScreen.storyboard in Resources */,
				2E00379D1D094C6A000B3649 /* Assets.xcassets in Resources */,
				2E00379B1D094C6A000B3649 /* Main.storyboard in Resources */,
			);
			runOnlyForDeploymentPostprocessing = 0;
		};
/* End PBXResourcesBuildPhase section */

/* Begin PBXSourcesBuildPhase section */
		2E00378E1D094C6A000B3649 /* Sources */ = {
			isa = PBXSourcesBuildPhase;
			buildActionMask = 2147483647;
			files = (
				2E0037A81D094D33000B3649 /* SocketClusterProxy.swift in Sources */,
				2E0037981D094C6A000B3649 /* ViewController.swift in Sources */,
				2E0037961D094C6A000B3649 /* AppDelegate.swift in Sources */,
			);
			runOnlyForDeploymentPostprocessing = 0;
		};
/* End PBXSourcesBuildPhase section */

/* Begin PBXVariantGroup section */
		2E0037991D094C6A000B3649 /* Main.storyboard */ = {
			isa = PBXVariantGroup;
			children = (
				2E00379A1D094C6A000B3649 /* Base */,
			);
			name = Main.storyboard;
			sourceTree = "<group>";
		};
		2E00379E1D094C6A000B3649 /* LaunchScreen.storyboard */ = {
			isa = PBXVariantGroup;
			children = (
				2E00379F1D094C6A000B3649 /* Base */,
			);
			name = LaunchScreen.storyboard;
			sourceTree = "<group>";
		};
/* End PBXVariantGroup section */

/* Begin XCBuildConfiguration section */
		2E0037A21D094C6A000B3649 /* Debug */ = {
			isa = XCBuildConfiguration;
			buildSettings = {
				ALWAYS_SEARCH_USER_PATHS = NO;
				CLANG_ANALYZER_NONNULL = YES;
				CLANG_CXX_LANGUAGE_STANDARD = "gnu++0x";
				CLANG_CXX_LIBRARY = "libc++";
				CLANG_ENABLE_MODULES = YES;
				CLANG_ENABLE_OBJC_ARC = YES;
				CLANG_WARN_BOOL_CONVERSION = YES;
				CLANG_WARN_CONSTANT_CONVERSION = YES;
				CLANG_WARN_DIRECT_OBJC_ISA_USAGE = YES_ERROR;
				CLANG_WARN_EMPTY_BODY = YES;
				CLANG_WARN_ENUM_CONVERSION = YES;
				CLANG_WARN_INT_CONVERSION = YES;
				CLANG_WARN_OBJC_ROOT_CLASS = YES_ERROR;
				CLANG_WARN_UNREACHABLE_CODE = YES;
				CLANG_WARN__DUPLICATE_METHOD_MATCH = YES;
				"CODE_SIGN_IDENTITY[sdk=iphoneos*]" = "iPhone Developer";
				COPY_PHASE_STRIP = NO;
				DEBUG_INFORMATION_FORMAT = dwarf;
				ENABLE_STRICT_OBJC_MSGSEND = YES;
				ENABLE_TESTABILITY = YES;
				GCC_C_LANGUAGE_STANDARD = gnu99;
				GCC_DYNAMIC_NO_PIC = NO;
				GCC_NO_COMMON_BLOCKS = YES;
				GCC_OPTIMIZATION_LEVEL = 0;
				GCC_PREPROCESSOR_DEFINITIONS = (
					"DEBUG=1",
					"$(inherited)",
				);
				GCC_WARN_64_TO_32_BIT_CONVERSION = YES;
				GCC_WARN_ABOUT_RETURN_TYPE = YES_ERROR;
				GCC_WARN_UNDECLARED_SELECTOR = YES;
				GCC_WARN_UNINITIALIZED_AUTOS = YES_AGGRESSIVE;
				GCC_WARN_UNUSED_FUNCTION = YES;
				GCC_WARN_UNUSED_VARIABLE = YES;
				IPHONEOS_DEPLOYMENT_TARGET = 9.3;
				MTL_ENABLE_DEBUG_INFO = YES;
				ONLY_ACTIVE_ARCH = YES;
				SDKROOT = iphoneos;
				SWIFT_OPTIMIZATION_LEVEL = "-Onone";
				TARGETED_DEVICE_FAMILY = "1,2";
			};
			name = Debug;
		};
		2E0037A31D094C6A000B3649 /* Release */ = {
			isa = XCBuildConfiguration;
			buildSettings = {
				ALWAYS_SEARCH_USER_PATHS = NO;
				CLANG_ANALYZER_NONNULL = YES;
				CLANG_CXX_LANGUAGE_STANDARD = "gnu++0x";
				CLANG_CXX_LIBRARY = "libc++";
				CLANG_ENABLE_MODULES = YES;
				CLANG_ENABLE_OBJC_ARC = YES;
				CLANG_WARN_BOOL_CONVERSION = YES;
				CLANG_WARN_CONSTANT_CONVERSION = YES;
				CLANG_WARN_DIRECT_OBJC_ISA_USAGE = YES_ERROR;
				CLANG_WARN_EMPTY_BODY = YES;
				CLANG_WARN_ENUM_CONVERSION = YES;
				CLANG_WARN_INT_CONVERSION = YES;
				CLANG_WARN_OBJC_ROOT_CLASS = YES_ERROR;
				CLANG_WARN_UNREACHABLE_CODE = YES;
				CLANG_WARN__DUPLICATE_METHOD_MATCH = YES;
				"CODE_SIGN_IDENTITY[sdk=iphoneos*]" = "iPhone Developer";
				COPY_PHASE_STRIP = NO;
				DEBUG_INFORMATION_FORMAT = "dwarf-with-dsym";
				ENABLE_NS_ASSERTIONS = NO;
				ENABLE_STRICT_OBJC_MSGSEND = YES;
				GCC_C_LANGUAGE_STANDARD = gnu99;
				GCC_NO_COMMON_BLOCKS = YES;
				GCC_WARN_64_TO_32_BIT_CONVERSION = YES;
				GCC_WARN_ABOUT_RETURN_TYPE = YES_ERROR;
				GCC_WARN_UNDECLARED_SELECTOR = YES;
				GCC_WARN_UNINITIALIZED_AUTOS = YES_AGGRESSIVE;
				GCC_WARN_UNUSED_FUNCTION = YES;
				GCC_WARN_UNUSED_VARIABLE = YES;
				IPHONEOS_DEPLOYMENT_TARGET = 9.3;
				MTL_ENABLE_DEBUG_INFO = NO;
				SDKROOT = iphoneos;
				TARGETED_DEVICE_FAMILY = "1,2";
				VALIDATE_PRODUCT = YES;
			};
			name = Release;
		};
		2E0037A51D094C6A000B3649 /* Debug */ = {
			isa = XCBuildConfiguration;
			buildSettings = {
				ASSETCATALOG_COMPILER_APPICON_NAME = AppIcon;
				FRAMEWORK_SEARCH_PATHS = (
					"$(inherited)",
					"$(PROJECT_DIR)",
				);
				INFOPLIST_FILE = "ios-sc-demo/Info.plist";
				LD_RUNPATH_SEARCH_PATHS = "$(inherited) @executable_path/Frameworks";
				PRODUCT_BUNDLE_IDENTIFIER = "laexian.ios-sc-demo";
				PRODUCT_NAME = "$(TARGET_NAME)";
				SWIFT_OBJC_BRIDGING_HEADER = "BridgingHeader-Swift.h";
			};
			name = Debug;
		};
		2E0037A61D094C6A000B3649 /* Release */ = {
			isa = XCBuildConfiguration;
			buildSettings = {
				ASSETCATALOG_COMPILER_APPICON_NAME = AppIcon;
				FRAMEWORK_SEARCH_PATHS = (
					"$(inherited)",
					"$(PROJECT_DIR)",
				);
				INFOPLIST_FILE = "ios-sc-demo/Info.plist";
				LD_RUNPATH_SEARCH_PATHS = "$(inherited) @executable_path/Frameworks";
				PRODUCT_BUNDLE_IDENTIFIER = "laexian.ios-sc-demo";
				PRODUCT_NAME = "$(TARGET_NAME)";
				SWIFT_OBJC_BRIDGING_HEADER = "BridgingHeader-Swift.h";
			};
			name = Release;
		};
/* End XCBuildConfiguration section */

/* Begin XCConfigurationList section */
		2E00378D1D094C6A000B3649 /* Build configuration list for PBXProject "ios-sc-demo" */ = {
			isa = XCConfigurationList;
			buildConfigurations = (
				2E0037A21D094C6A000B3649 /* Debug */,
				2E0037A31D094C6A000B3649 /* Release */,
			);
			defaultConfigurationIsVisible = 0;
			defaultConfigurationName = Release;
		};
		2E0037A41D094C6A000B3649 /* Build configuration list for PBXNativeTarget "ios-sc-demo" */ = {
			isa = XCConfigurationList;
			buildConfigurations = (
				2E0037A51D094C6A000B3649 /* Debug */,
				2E0037A61D094C6A000B3649 /* Release */,
			);
			defaultConfigurationIsVisible = 0;
			defaultConfigurationName = Release;
		};
/* End XCConfigurationList section */
	};
	rootObject = 2E00378A1D094C6A000B3649 /* Project object */;
}
